// !$*UTF8*$!
{
	archiveVersion = 1;
	classes = {
	};
	objectVersion = 56;
	objects = {

/* Begin PBXBuildFile section */
		701E15282B6A7FB400035591 /* KPSSPuanHesaplamaApp.swift in Sources */ = {isa = PBXBuildFile; fileRef = 701E15272B6A7FB400035591 /* KPSSPuanHesaplamaApp.swift */; };
		701E152C2B6A7FB500035591 /* Assets.xcassets in Resources */ = {isa = PBXBuildFile; fileRef = 701E152B2B6A7FB500035591 /* Assets.xcassets */; };
		701E152F2B6A7FB500035591 /* Preview Assets.xcassets in Resources */ = {isa = PBXBuildFile; fileRef = 701E152E2B6A7FB500035591 /* Preview Assets.xcassets */; };
		701E15362B6AB22200035591 /* RootView.swift in Sources */ = {isa = PBXBuildFile; fileRef = 701E15352B6AB22200035591 /* RootView.swift */; };
		701E153A2B6AB30900035591 /* MainView.swift in Sources */ = {isa = PBXBuildFile; fileRef = 701E15392B6AB30900035591 /* MainView.swift */; };
		701E153C2B6AB32800035591 /* ResultView.swift in Sources */ = {isa = PBXBuildFile; fileRef = 701E153B2B6AB32800035591 /* ResultView.swift */; };
		70D6ABF52B6D052B005D2D0F /* OrtaogretimView.swift in Sources */ = {isa = PBXBuildFile; fileRef = 70D6ABF42B6D052B005D2D0F /* OrtaogretimView.swift */; };
		70D6ABF72B6D054A005D2D0F /* OnlisansView.swift in Sources */ = {isa = PBXBuildFile; fileRef = 70D6ABF62B6D054A005D2D0F /* OnlisansView.swift */; };
		70D6ABF92B6D05B3005D2D0F /* LisansView.swift in Sources */ = {isa = PBXBuildFile; fileRef = 70D6ABF82B6D05B3005D2D0F /* LisansView.swift */; };
		70D6ABFB2B6D0610005D2D0F /* EgitimBilimleriView.swift in Sources */ = {isa = PBXBuildFile; fileRef = 70D6ABFA2B6D0610005D2D0F /* EgitimBilimleriView.swift */; };
		70D6ABFD2B6D062A005D2D0F /* OABTView.swift in Sources */ = {isa = PBXBuildFile; fileRef = 70D6ABFC2B6D062A005D2D0F /* OABTView.swift */; };
/* End PBXBuildFile section */

/* Begin PBXFileReference section */
		701E15242B6A7FB400035591 /* KPSSPuanHesaplama.app */ = {isa = PBXFileReference; explicitFileType = wrapper.application; includeInIndex = 0; path = KPSSPuanHesaplama.app; sourceTree = BUILT_PRODUCTS_DIR; };
		701E15272B6A7FB400035591 /* KPSSPuanHesaplamaApp.swift */ = {isa = PBXFileReference; lastKnownFileType = sourcecode.swift; path = KPSSPuanHesaplamaApp.swift; sourceTree = "<group>"; };
		701E152B2B6A7FB500035591 /* Assets.xcassets */ = {isa = PBXFileReference; lastKnownFileType = folder.assetcatalog; path = Assets.xcassets; sourceTree = "<group>"; };
		701E152E2B6A7FB500035591 /* Preview Assets.xcassets */ = {isa = PBXFileReference; lastKnownFileType = folder.assetcatalog; path = "Preview Assets.xcassets"; sourceTree = "<group>"; };
		701E15352B6AB22200035591 /* RootView.swift */ = {isa = PBXFileReference; lastKnownFileType = sourcecode.swift; path = RootView.swift; sourceTree = "<group>"; };
		701E15392B6AB30900035591 /* MainView.swift */ = {isa = PBXFileReference; lastKnownFileType = sourcecode.swift; path = MainView.swift; sourceTree = "<group>"; };
		701E153B2B6AB32800035591 /* ResultView.swift */ = {isa = PBXFileReference; lastKnownFileType = sourcecode.swift; path = ResultView.swift; sourceTree = "<group>"; };
		70D6ABF42B6D052B005D2D0F /* OrtaogretimView.swift */ = {isa = PBXFileReference; lastKnownFileType = sourcecode.swift; path = OrtaogretimView.swift; sourceTree = "<group>"; };
		70D6ABF62B6D054A005D2D0F /* OnlisansView.swift */ = {isa = PBXFileReference; lastKnownFileType = sourcecode.swift; path = OnlisansView.swift; sourceTree = "<group>"; };
		70D6ABF82B6D05B3005D2D0F /* LisansView.swift */ = {isa = PBXFileReference; lastKnownFileType = sourcecode.swift; path = LisansView.swift; sourceTree = "<group>"; };
		70D6ABFA2B6D0610005D2D0F /* EgitimBilimleriView.swift */ = {isa = PBXFileReference; lastKnownFileType = sourcecode.swift; path = EgitimBilimleriView.swift; sourceTree = "<group>"; };
		70D6ABFC2B6D062A005D2D0F /* OABTView.swift */ = {isa = PBXFileReference; lastKnownFileType = sourcecode.swift; path = OABTView.swift; sourceTree = "<group>"; };
/* End PBXFileReference section */

/* Begin PBXFrameworksBuildPhase section */
		701E15212B6A7FB400035591 /* Frameworks */ = {
			isa = PBXFrameworksBuildPhase;
			buildActionMask = 2147483647;
			files = (
			);
			runOnlyForDeploymentPostprocessing = 0;
		};
/* End PBXFrameworksBuildPhase section */

/* Begin PBXGroup section */
		701E151B2B6A7FB300035591 = {
			isa = PBXGroup;
			children = (
				701E15262B6A7FB400035591 /* KPSSPuanHesaplama */,
				701E15252B6A7FB400035591 /* Products */,
			);
			sourceTree = "<group>";
		};
		701E15252B6A7FB400035591 /* Products */ = {
			isa = PBXGroup;
			children = (
				701E15242B6A7FB400035591 /* KPSSPuanHesaplama.app */,
			);
			name = Products;
			sourceTree = "<group>";
		};
		701E15262B6A7FB400035591 /* KPSSPuanHesaplama */ = {
			isa = PBXGroup;
			children = (
				701E15382B6AB2AF00035591 /* Resources */,
				701E15372B6AB28300035591 /* Views */,
				701E152D2B6A7FB500035591 /* Preview Content */,
			);
			path = KPSSPuanHesaplama;
			sourceTree = "<group>";
		};
		701E152D2B6A7FB500035591 /* Preview Content */ = {
			isa = PBXGroup;
			children = (
				701E152E2B6A7FB500035591 /* Preview Assets.xcassets */,
			);
			path = "Preview Content";
			sourceTree = "<group>";
		};
		701E15372B6AB28300035591 /* Views */ = {
			isa = PBXGroup;
			children = (
				701E15352B6AB22200035591 /* RootView.swift */,
				701E15392B6AB30900035591 /* MainView.swift */,
				701E153B2B6AB32800035591 /* ResultView.swift */,
				70D6ABF42B6D052B005D2D0F /* OrtaogretimView.swift */,
				70D6ABF62B6D054A005D2D0F /* OnlisansView.swift */,
				70D6ABF82B6D05B3005D2D0F /* LisansView.swift */,
				70D6ABFA2B6D0610005D2D0F /* EgitimBilimleriView.swift */,
				70D6ABFC2B6D062A005D2D0F /* OABTView.swift */,
			);
			path = Views;
			sourceTree = "<group>";
		};
		701E15382B6AB2AF00035591 /* Resources */ = {
			isa = PBXGroup;
			children = (
				701E15272B6A7FB400035591 /* KPSSPuanHesaplamaApp.swift */,
				701E152B2B6A7FB500035591 /* Assets.xcassets */,
			);
			path = Resources;
			sourceTree = "<group>";
		};
/* End PBXGroup section */

/* Begin PBXNativeTarget section */
		701E15232B6A7FB400035591 /* KPSSPuanHesaplama */ = {
			isa = PBXNativeTarget;
			buildConfigurationList = 701E15322B6A7FB500035591 /* Build configuration list for PBXNativeTarget "KPSSPuanHesaplama" */;
			buildPhases = (
				701E15202B6A7FB400035591 /* Sources */,
				701E15212B6A7FB400035591 /* Frameworks */,
				701E15222B6A7FB400035591 /* Resources */,
			);
			buildRules = (
			);
			dependencies = (
			);
			name = KPSSPuanHesaplama;
			productName = KPSSPuanHesaplama;
			productReference = 701E15242B6A7FB400035591 /* KPSSPuanHesaplama.app */;
			productType = "com.apple.product-type.application";
		};
/* End PBXNativeTarget section */

/* Begin PBXProject section */
		701E151C2B6A7FB300035591 /* Project object */ = {
			isa = PBXProject;
			attributes = {
				BuildIndependentTargetsInParallel = 1;
				LastSwiftUpdateCheck = 1510;
				LastUpgradeCheck = 1510;
				TargetAttributes = {
					701E15232B6A7FB400035591 = {
						CreatedOnToolsVersion = 15.1;
					};
				};
			};
			buildConfigurationList = 701E151F2B6A7FB300035591 /* Build configuration list for PBXProject "KPSSPuanHesaplama" */;
			compatibilityVersion = "Xcode 14.0";
			developmentRegion = tr;
			hasScannedForEncodings = 0;
			knownRegions = (
				Base,
				tr,
			);
			mainGroup = 701E151B2B6A7FB300035591;
			productRefGroup = 701E15252B6A7FB400035591 /* Products */;
			projectDirPath = "";
			projectRoot = "";
			targets = (
				701E15232B6A7FB400035591 /* KPSSPuanHesaplama */,
			);
		};
/* End PBXProject section */

/* Begin PBXResourcesBuildPhase section */
		701E15222B6A7FB400035591 /* Resources */ = {
			isa = PBXResourcesBuildPhase;
			buildActionMask = 2147483647;
			files = (
				701E152F2B6A7FB500035591 /* Preview Assets.xcassets in Resources */,
				701E152C2B6A7FB500035591 /* Assets.xcassets in Resources */,
			);
			runOnlyForDeploymentPostprocessing = 0;
		};
/* End PBXResourcesBuildPhase section */

/* Begin PBXSourcesBuildPhase section */
		701E15202B6A7FB400035591 /* Sources */ = {
			isa = PBXSourcesBuildPhase;
			buildActionMask = 2147483647;
			files = (
				70D6ABF92B6D05B3005D2D0F /* LisansView.swift in Sources */,
				701E15362B6AB22200035591 /* RootView.swift in Sources */,
				70D6ABF52B6D052B005D2D0F /* OrtaogretimView.swift in Sources */,
				701E153C2B6AB32800035591 /* ResultView.swift in Sources */,
				70D6ABF72B6D054A005D2D0F /* OnlisansView.swift in Sources */,
				701E153A2B6AB30900035591 /* MainView.swift in Sources */,
				701E15282B6A7FB400035591 /* KPSSPuanHesaplamaApp.swift in Sources */,
				70D6ABFB2B6D0610005D2D0F /* EgitimBilimleriView.swift in Sources */,
				70D6ABFD2B6D062A005D2D0F /* OABTView.swift in Sources */,
			);
			runOnlyForDeploymentPostprocessing = 0;
		};
/* End PBXSourcesBuildPhase section */

/* Begin XCBuildConfiguration section */
		701E15302B6A7FB500035591 /* Debug */ = {
			isa = XCBuildConfiguration;
			buildSettings = {
				ALWAYS_SEARCH_USER_PATHS = NO;
				ASSETCATALOG_COMPILER_GENERATE_SWIFT_ASSET_SYMBOL_EXTENSIONS = YES;
				CLANG_ANALYZER_NONNULL = YES;
				CLANG_ANALYZER_NUMBER_OBJECT_CONVERSION = YES_AGGRESSIVE;
				CLANG_CXX_LANGUAGE_STANDARD = "gnu++20";
				CLANG_ENABLE_MODULES = YES;
				CLANG_ENABLE_OBJC_ARC = YES;
				CLANG_ENABLE_OBJC_WEAK = YES;
				CLANG_WARN_BLOCK_CAPTURE_AUTORELEASING = YES;
				CLANG_WARN_BOOL_CONVERSION = YES;
				CLANG_WARN_COMMA = YES;
				CLANG_WARN_CONSTANT_CONVERSION = YES;
				CLANG_WARN_DEPRECATED_OBJC_IMPLEMENTATIONS = YES;
				CLANG_WARN_DIRECT_OBJC_ISA_USAGE = YES_ERROR;
				CLANG_WARN_DOCUMENTATION_COMMENTS = YES;
				CLANG_WARN_EMPTY_BODY = YES;
				CLANG_WARN_ENUM_CONVERSION = YES;
				CLANG_WARN_INFINITE_RECURSION = YES;
				CLANG_WARN_INT_CONVERSION = YES;
				CLANG_WARN_NON_LITERAL_NULL_CONVERSION = YES;
				CLANG_WARN_OBJC_IMPLICIT_RETAIN_SELF = YES;
				CLANG_WARN_OBJC_LITERAL_CONVERSION = YES;
				CLANG_WARN_OBJC_ROOT_CLASS = YES_ERROR;
				CLANG_WARN_QUOTED_INCLUDE_IN_FRAMEWORK_HEADER = YES;
				CLANG_WARN_RANGE_LOOP_ANALYSIS = YES;
				CLANG_WARN_STRICT_PROTOTYPES = YES;
				CLANG_WARN_SUSPICIOUS_MOVE = YES;
				CLANG_WARN_UNGUARDED_AVAILABILITY = YES_AGGRESSIVE;
				CLANG_WARN_UNREACHABLE_CODE = YES;
				CLANG_WARN__DUPLICATE_METHOD_MATCH = YES;
				COPY_PHASE_STRIP = NO;
				DEBUG_INFORMATION_FORMAT = dwarf;
				ENABLE_STRICT_OBJC_MSGSEND = YES;
				ENABLE_TESTABILITY = YES;
				ENABLE_USER_SCRIPT_SANDBOXING = YES;
				GCC_C_LANGUAGE_STANDARD = gnu17;
				GCC_DYNAMIC_NO_PIC = NO;
				GCC_NO_COMMON_BLOCKS = YES;
				GCC_OPTIMIZATION_LEVEL = 0;
				GCC_PREPROCESSOR_DEFINITIONS = (
					"DEBUG=1",
					"$(inherited)",
				);
				GCC_WARN_64_TO_32_BIT_CONVERSION = YES;
				GCC_WARN_ABOUT_RETURN_TYPE = YES_ERROR;
				GCC_WARN_UNDECLARED_SELECTOR = YES;
				GCC_WARN_UNINITIALIZED_AUTOS = YES_AGGRESSIVE;
				GCC_WARN_UNUSED_FUNCTION = YES;
				GCC_WARN_UNUSED_VARIABLE = YES;
				IPHONEOS_DEPLOYMENT_TARGET = 17.2;
				LOCALIZATION_PREFERS_STRING_CATALOGS = YES;
				MTL_ENABLE_DEBUG_INFO = INCLUDE_SOURCE;
				MTL_FAST_MATH = YES;
				ONLY_ACTIVE_ARCH = YES;
				SDKROOT = iphoneos;
				SWIFT_ACTIVE_COMPILATION_CONDITIONS = "DEBUG $(inherited)";
				SWIFT_OPTIMIZATION_LEVEL = "-Onone";
			};
			name = Debug;
		};
		701E15312B6A7FB500035591 /* Release */ = {
			isa = XCBuildConfiguration;
			buildSettings = {
				ALWAYS_SEARCH_USER_PATHS = NO;
				ASSETCATALOG_COMPILER_GENERATE_SWIFT_ASSET_SYMBOL_EXTENSIONS = YES;
				CLANG_ANALYZER_NONNULL = YES;
				CLANG_ANALYZER_NUMBER_OBJECT_CONVERSION = YES_AGGRESSIVE;
				CLANG_CXX_LANGUAGE_STANDARD = "gnu++20";
				CLANG_ENABLE_MODULES = YES;
				CLANG_ENABLE_OBJC_ARC = YES;
				CLANG_ENABLE_OBJC_WEAK = YES;
				CLANG_WARN_BLOCK_CAPTURE_AUTORELEASING = YES;
				CLANG_WARN_BOOL_CONVERSION = YES;
				CLANG_WARN_COMMA = YES;
				CLANG_WARN_CONSTANT_CONVERSION = YES;
				CLANG_WARN_DEPRECATED_OBJC_IMPLEMENTATIONS = YES;
				CLANG_WARN_DIRECT_OBJC_ISA_USAGE = YES_ERROR;
				CLANG_WARN_DOCUMENTATION_COMMENTS = YES;
				CLANG_WARN_EMPTY_BODY = YES;
				CLANG_WARN_ENUM_CONVERSION = YES;
				CLANG_WARN_INFINITE_RECURSION = YES;
				CLANG_WARN_INT_CONVERSION = YES;
				CLANG_WARN_NON_LITERAL_NULL_CONVERSION = YES;
				CLANG_WARN_OBJC_IMPLICIT_RETAIN_SELF = YES;
				CLANG_WARN_OBJC_LITERAL_CONVERSION = YES;
				CLANG_WARN_OBJC_ROOT_CLASS = YES_ERROR;
				CLANG_WARN_QUOTED_INCLUDE_IN_FRAMEWORK_HEADER = YES;
				CLANG_WARN_RANGE_LOOP_ANALYSIS = YES;
				CLANG_WARN_STRICT_PROTOTYPES = YES;
				CLANG_WARN_SUSPICIOUS_MOVE = YES;
				CLANG_WARN_UNGUARDED_AVAILABILITY = YES_AGGRESSIVE;
				CLANG_WARN_UNREACHABLE_CODE = YES;
				CLANG_WARN__DUPLICATE_METHOD_MATCH = YES;
				COPY_PHASE_STRIP = NO;
				DEBUG_INFORMATION_FORMAT = "dwarf-with-dsym";
				ENABLE_NS_ASSERTIONS = NO;
				ENABLE_STRICT_OBJC_MSGSEND = YES;
				ENABLE_USER_SCRIPT_SANDBOXING = YES;
				GCC_C_LANGUAGE_STANDARD = gnu17;
				GCC_NO_COMMON_BLOCKS = YES;
				GCC_WARN_64_TO_32_BIT_CONVERSION = YES;
				GCC_WARN_ABOUT_RETURN_TYPE = YES_ERROR;
				GCC_WARN_UNDECLARED_SELECTOR = YES;
				GCC_WARN_UNINITIALIZED_AUTOS = YES_AGGRESSIVE;
				GCC_WARN_UNUSED_FUNCTION = YES;
				GCC_WARN_UNUSED_VARIABLE = YES;
				IPHONEOS_DEPLOYMENT_TARGET = 17.2;
				LOCALIZATION_PREFERS_STRING_CATALOGS = YES;
				MTL_ENABLE_DEBUG_INFO = NO;
				MTL_FAST_MATH = YES;
				SDKROOT = iphoneos;
				SWIFT_COMPILATION_MODE = wholemodule;
				VALIDATE_PRODUCT = YES;
			};
			name = Release;
		};
		701E15332B6A7FB500035591 /* Debug */ = {
			isa = XCBuildConfiguration;
			buildSettings = {
				ASSETCATALOG_COMPILER_APPICON_NAME = AppIcon;
				ASSETCATALOG_COMPILER_GLOBAL_ACCENT_COLOR_NAME = AccentColor;
				CODE_SIGN_STYLE = Automatic;
				CURRENT_PROJECT_VERSION = 1;
				DEVELOPMENT_ASSET_PATHS = "\"KPSSPuanHesaplama/Preview Content\"";
				DEVELOPMENT_TEAM = 5GVJ758853;
				ENABLE_PREVIEWS = YES;
				GENERATE_INFOPLIST_FILE = YES;
				INFOPLIST_KEY_CFBundleDisplayName = "Puan Hesaplama";
				INFOPLIST_KEY_UIApplicationSceneManifest_Generation = YES;
				INFOPLIST_KEY_UIApplicationSupportsIndirectInputEvents = YES;
				INFOPLIST_KEY_UILaunchScreen_Generation = YES;
				INFOPLIST_KEY_UISupportedInterfaceOrientations_iPad = "UIInterfaceOrientationPortrait UIInterfaceOrientationPortraitUpsideDown UIInterfaceOrientationLandscapeLeft UIInterfaceOrientationLandscapeRight";
				INFOPLIST_KEY_UISupportedInterfaceOrientations_iPhone = "UIInterfaceOrientationPortrait UIInterfaceOrientationLandscapeLeft UIInterfaceOrientationLandscapeRight";
				LD_RUNPATH_SEARCH_PATHS = (
					"$(inherited)",
					"@executable_path/Frameworks",
				);
				MARKETING_VERSION = 1.0;
				PRODUCT_BUNDLE_IDENTIFIER = com.zeyneppsevgi.KPSSPuanHesaplama;
				PRODUCT_NAME = "$(TARGET_NAME)";
				SWIFT_EMIT_LOC_STRINGS = YES;
				SWIFT_VERSION = 5.0;
				TARGETED_DEVICE_FAMILY = "1,2";
			};
			name = Debug;
		};
		701E15342B6A7FB500035591 /* Release */ = {
			isa = XCBuildConfiguration;
			buildSettings = {
				ASSETCATALOG_COMPILER_APPICON_NAME = AppIcon;
				ASSETCATALOG_COMPILER_GLOBAL_ACCENT_COLOR_NAME = AccentColor;
				CODE_SIGN_STYLE = Automatic;
				CURRENT_PROJECT_VERSION = 1;
				DEVELOPMENT_ASSET_PATHS = "\"KPSSPuanHesaplama/Preview Content\"";
				DEVELOPMENT_TEAM = 5GVJ758853;
				ENABLE_PREVIEWS = YES;
				GENERATE_INFOPLIST_FILE = YES;
				INFOPLIST_KEY_CFBundleDisplayName = "Puan Hesaplama";
				INFOPLIST_KEY_UIApplicationSceneManifest_Generation = YES;
				INFOPLIST_KEY_UIApplicationSupportsIndirectInputEvents = YES;
				INFOPLIST_KEY_UILaunchScreen_Generation = YES;
				INFOPLIST_KEY_UISupportedInterfaceOrientations_iPad = "UIInterfaceOrientationPortrait UIInterfaceOrientationPortraitUpsideDown UIInterfaceOrientationLandscapeLeft UIInterfaceOrientationLandscapeRight";
				INFOPLIST_KEY_UISupportedInterfaceOrientations_iPhone = "UIInterfaceOrientationPortrait UIInterfaceOrientationLandscapeLeft UIInterfaceOrientationLandscapeRight";
				LD_RUNPATH_SEARCH_PATHS = (
					"$(inherited)",
					"@executable_path/Frameworks",
				);
				MARKETING_VERSION = 1.0;
				PRODUCT_BUNDLE_IDENTIFIER = com.zeyneppsevgi.KPSSPuanHesaplama;
				PRODUCT_NAME = "$(TARGET_NAME)";
				SWIFT_EMIT_LOC_STRINGS = YES;
				SWIFT_VERSION = 5.0;
				TARGETED_DEVICE_FAMILY = "1,2";
			};
			name = Release;
		};
/* End XCBuildConfiguration section */

/* Begin XCConfigurationList section */
		701E151F2B6A7FB300035591 /* Build configuration list for PBXProject "KPSSPuanHesaplama" */ = {
			isa = XCConfigurationList;
			buildConfigurations = (
				701E15302B6A7FB500035591 /* Debug */,
				701E15312B6A7FB500035591 /* Release */,
			);
			defaultConfigurationIsVisible = 0;
			defaultConfigurationName = Release;
		};
		701E15322B6A7FB500035591 /* Build configuration list for PBXNativeTarget "KPSSPuanHesaplama" */ = {
			isa = XCConfigurationList;
			buildConfigurations = (
				701E15332B6A7FB500035591 /* Debug */,
				701E15342B6A7FB500035591 /* Release */,
			);
			defaultConfigurationIsVisible = 0;
			defaultConfigurationName = Release;
		};
/* End XCConfigurationList section */
	};
	rootObject = 701E151C2B6A7FB300035591 /* Project object */;
}
